# This file is automatically @generated by Cargo.
# It is not intended for manual editing.
[[package]]
name = "tarantool-module"
version = "0.1.0"
dependencies = [
 "va_list",
]

[[package]]
name = "va_list"
version = "0.1.3"
source = "registry+https://github.com/rust-lang/crates.io-index"
checksum = "93cb4651d1da92134fdb6b3f9f1c2f61c9d5677639a2808e70ca5d8ad842e7a5"
